{
  "name": "@lsby/ts_polym",
  "version": "0.0.1",
  "lockfileVersion": 2,
  "requires": true,
  "packages": {
    "": {
      "name": "@lsby/ts_polym",
      "version": "0.0.1",
      "license": "GPL-3.0-or-later",
      "dependencies": {
        "@lsby/ts_lambda_type": "^0.0.32",
        "@lsby/ts_type_fun": "^0.0.15",
        "husky": "^7.0.4",
        "typescript": "^4.8.4"
      }
    },
    "node_modules/@lsby/ts_lambda_type": {
      "version": "0.0.32",
      "resolved": "https://registry.npmjs.org/@lsby/ts_lambda_type/-/ts_lambda_type-0.0.32.tgz",
      "integrity": "sha512-1GLiU/hEKkvBS+/wiClpsjeBiY/eknnw/javsQbSkCGQiUDskPFXH2ZRU+ozDXbykUl/+fi6P4sQGZAi4ui/VQ==",
      "dependencies": {
        "@lsby/ts_type_fun": "^0.0.15",
        "ts-lambda-calc": "@lsby/ts-lambda-calc@1.0.0"
      }
    },
    "node_modules/@lsby/ts_lambda_type/@lsby/ts-lambda-calc@1.0.0": {},
    "node_modules/@lsby/ts_type_fun": {
      "version": "0.0.15",
      "resolved": "https://registry.npmjs.org/@lsby/ts_type_fun/-/ts_type_fun-0.0.15.tgz",
      "integrity": "sha512-MjMD4YQD8ToZoVM/adnc/jfmDN0MUuJg19W1NKjcwmdG31k+mN0w0RWnoshk60wv3DbLOA8snFSJ4x7La/hNIQ=="
    },
    "node_modules/husky": {
      "version": "7.0.4",
      "resolved": "https://registry.npmjs.org/husky/-/husky-7.0.4.tgz",
      "integrity": "sha512-vbaCKN2QLtP/vD4yvs6iz6hBEo6wkSzs8HpRah1Z6aGmF2KW5PdYuAd7uX5a+OyBZHBhd+TFLqgjUgytQr4RvQ==",
      "bin": {
        "husky": "lib/bin.js"
      },
      "engines": {
        "node": ">=12"
      },
      "funding": {
        "url": "https://github.com/sponsors/typicode"
      }
    },
    "node_modules/ts-lambda-calc": {
      "resolved": "node_modules/@lsby/ts_lambda_type/@lsby/ts-lambda-calc@1.0.0",
      "link": true
    },
    "node_modules/typescript": {
      "version": "4.8.4",
      "resolved": "https://registry.npmjs.org/typescript/-/typescript-4.8.4.tgz",
      "integrity": "sha512-QCh+85mCy+h0IGff8r5XWzOVSbBO+KfeYrMQh7NJ58QujwcE22u+NUSmUxqF+un70P9GXKxa2HCNiTTMJknyjQ==",
      "bin": {
        "tsc": "bin/tsc",
        "tsserver": "bin/tsserver"
      },
      "engines": {
        "node": ">=4.2.0"
      }
    }
  },
  "dependencies": {
    "@lsby/ts_lambda_type": {
      "version": "0.0.32",
      "resolved": "https://registry.npmjs.org/@lsby/ts_lambda_type/-/ts_lambda_type-0.0.32.tgz",
      "integrity": "sha512-1GLiU/hEKkvBS+/wiClpsjeBiY/eknnw/javsQbSkCGQiUDskPFXH2ZRU+ozDXbykUl/+fi6P4sQGZAi4ui/VQ==",
      "requires": {
        "@lsby/ts_type_fun": "^0.0.15",
        "ts-lambda-calc": "@lsby/ts-lambda-calc@1.0.0"
      }
    },
    "@lsby/ts_type_fun": {
      "version": "0.0.15",
      "resolved": "https://registry.npmjs.org/@lsby/ts_type_fun/-/ts_type_fun-0.0.15.tgz",
      "integrity": "sha512-MjMD4YQD8ToZoVM/adnc/jfmDN0MUuJg19W1NKjcwmdG31k+mN0w0RWnoshk60wv3DbLOA8snFSJ4x7La/hNIQ=="
    },
    "husky": {
      "version": "7.0.4",
      "resolved": "https://registry.npmjs.org/husky/-/husky-7.0.4.tgz",
      "integrity": "sha512-vbaCKN2QLtP/vD4yvs6iz6hBEo6wkSzs8HpRah1Z6aGmF2KW5PdYuAd7uX5a+OyBZHBhd+TFLqgjUgytQr4RvQ=="
    },
    "ts-lambda-calc": {
      "version": "file:node_modules/@lsby/ts_lambda_type/@lsby/ts-lambda-calc@1.0.0"
    },
    "typescript": {
      "version": "4.8.4",
      "resolved": "https://registry.npmjs.org/typescript/-/typescript-4.8.4.tgz",
      "integrity": "sha512-QCh+85mCy+h0IGff8r5XWzOVSbBO+KfeYrMQh7NJ58QujwcE22u+NUSmUxqF+un70P9GXKxa2HCNiTTMJknyjQ=="
    }
  }
}
